schema: '2.0'
stages:
  ingest:
    cmd: python ml/src/ingest.py
    deps:
    - path: ml/src/ingest.py
      hash: md5
      md5: c0d0d4cf8724beb8fecc57353a548ba1
      size: 270
    outs:
    - path: ml/data/raw/iris.csv
      hash: md5
      md5: b13ce79d399e96e37d6649843a5c619d
      size: 2911
  prepare:
    cmd: python ml/src/prepare.py
    deps:
    - path: ml/data/raw/iris.csv
      hash: md5
      md5: b13ce79d399e96e37d6649843a5c619d
      size: 2911
    - path: ml/src/prepare.py
      hash: md5
      md5: 4d5768e85805222225ae042586cda510
      size: 1478
    outs:
    - path: ml/data/prepared/test.csv
      hash: md5
      md5: f3956dd811130e46cebb285938f59352
      size: 1280
    - path: ml/data/prepared/train.csv
      hash: md5
      md5: 05f768d9730f59dee559194da8e99f21
      size: 4936
  train:
    cmd: python ml/src/train.py
    deps:
    - path: ml/data/prepared/train.csv
      hash: md5
      md5: 05f768d9730f59dee559194da8e99f21
      size: 4936
    - path: ml/src/train.py
      hash: md5
      md5: 4a235d9a5bf19f71d4303b662471e44c
      size: 391
    outs:
    - path: ml/model/model.joblib
      hash: md5
      md5: eadf45dc9f32d3852286bdd0aad508f8
      size: 2105
  evaluate:
    cmd: python ml/src/evaluate.py
    deps:
    - path: ml/data/prepared/test.csv
      hash: md5
      md5: f3956dd811130e46cebb285938f59352
      size: 1280
    - path: ml/model/model.joblib
      hash: md5
      md5: eadf45dc9f32d3852286bdd0aad508f8
      size: 2105
    - path: ml/src/evaluate.py
      hash: md5
      md5: faffdfb3532ece564b8b307e694fa1d0
      size: 379
    outs:
    - path: ml/metrics/metrics.json
      hash: md5
      md5: a27b2d780313ba658b28140efab503d5
      size: 40
